
Microsoft Visual Studio Solution File, Format Version 12.00
# Visual Studio 2013
VisualStudioVersion = 12.0.21005.1
MinimumVisualStudioVersion = 10.0.40219.1
Project("{FAE04EC0-301F-11D3-BF4B-00C04F79EFBC}") = "Netsky Engine", "Netsky Engine\Netsky Engine\Netsky Engine.csproj", "{DEFEC55D-D0D4-4889-A299-67EF3362D881}"
EndProject
Project("{FAE04EC0-301F-11D3-BF4B-00C04F79EFBC}") = "Netsky EngineContent", "Netsky Engine\Netsky EngineContent\Netsky EngineContent.contentproj", "{5E71B908-9E8E-45A8-BE5A-7DB1E4F76626}"
EndProject
Project("{2150E333-8FDC-42A3-9474-1A3956D46DE8}") = "Solution Items", "Solution Items", "{AA8EB315-4B80-486B-B37A-EA92CAA63164}"
	ProjectSection(SolutionItems) = preProject
		RiemerPointLight.fx = RiemerPointLight.fx
	EndProjectSection
EndProject
Global
	GlobalSection(SolutionConfigurationPlatforms) = preSolution
		Debug|x86 = Debug|x86
		Release|x86 = Release|x86
	EndGlobalSection
	GlobalSection(ProjectConfigurationPlatforms) = postSolution
		{DEFEC55D-D0D4-4889-A299-67EF3362D881}.Debug|x86.ActiveCfg = Debug|x86
		{DEFEC55D-D0D4-4889-A299-67EF3362D881}.Debug|x86.Build.0 = Debug|x86
		{DEFEC55D-D0D4-4889-A299-67EF3362D881}.Release|x86.ActiveCfg = Release|x86
		{DEFEC55D-D0D4-4889-A299-67EF3362D881}.Release|x86.Build.0 = Release|x86
		{5E71B908-9E8E-45A8-BE5A-7DB1E4F76626}.Debug|x86.ActiveCfg = Debug|x86
		{5E71B908-9E8E-45A8-BE5A-7DB1E4F76626}.Release|x86.ActiveCfg = Release|x86
	EndGlobalSection
	GlobalSection(SolutionProperties) = preSolution
		HideSolutionNode = FALSE
	EndGlobalSection
EndGlobal
